# This file is automatically @generated by Cargo.
# It is not intended for manual editing.
version = 4

[[package]]
name = "uqa-analysis"
version = "0.1.0"

[[package]]
name = "uqa-api"
version = "0.1.0"

[[package]]
name = "uqa-cli"
version = "0.1.0"

[[package]]
name = "uqa-core"
version = "0.1.0"

[[package]]
name = "uqa-engine"
version = "0.1.0"

[[package]]
name = "uqa-execution"
version = "0.1.0"

[[package]]
name = "uqa-fdw"
version = "0.1.0"

[[package]]
name = "uqa-fusion"
version = "0.1.0"

[[package]]
name = "uqa-graph"
version = "0.1.0"

[[package]]
name = "uqa-joins"
version = "0.1.0"

[[package]]
name = "uqa-operators"
version = "0.1.0"

[[package]]
name = "uqa-planner"
version = "0.1.0"

[[package]]
name = "uqa-scoring"
version = "0.1.0"

[[package]]
name = "uqa-sql"
version = "0.1.0"

[[package]]
name = "uqa-storage"
version = "0.1.0"
